
Microsoft Visual Studio Solution File, Format Version 12.00
# Visual Studio Version 16
VisualStudioVersion = 16.0.31515.178
MinimumVisualStudioVersion = 10.0.40219.1
Project("{FAE04EC0-301F-11D3-BF4B-00C04F79EFBC}") = "Modificadores_de_parâmetros_ref", "Modificadores_de_parâmetros_ref\Modificadores_de_parâmetros_ref.csproj", "{FE2C8CC7-5888-4CCB-8A07-F5EE827A236A}"
EndProject
Global
	GlobalSection(SolutionConfigurationPlatforms) = preSolution
		Debug|Any CPU = Debug|Any CPU
		Release|Any CPU = Release|Any CPU
	EndGlobalSection
	GlobalSection(ProjectConfigurationPlatforms) = postSolution
		{FE2C8CC7-5888-4CCB-8A07-F5EE827A236A}.Debug|Any CPU.ActiveCfg = Debug|Any CPU
		{FE2C8CC7-5888-4CCB-8A07-F5EE827A236A}.Debug|Any CPU.Build.0 = Debug|Any CPU
		{FE2C8CC7-5888-4CCB-8A07-F5EE827A236A}.Release|Any CPU.ActiveCfg = Release|Any CPU
		{FE2C8CC7-5888-4CCB-8A07-F5EE827A236A}.Release|Any CPU.Build.0 = Release|Any CPU
	EndGlobalSection
	GlobalSection(SolutionProperties) = preSolution
		HideSolutionNode = FALSE
	EndGlobalSection
	GlobalSection(ExtensibilityGlobals) = postSolution
		SolutionGuid = {73E49935-3A2C-462F-9E64-5CA953BC62DF}
	EndGlobalSection
EndGlobal
